// !$*UTF8*$!
{
	archiveVersion = 1;
	classes = {
	};
	objectVersion = 48;
	objects = {

/* Begin PBXBuildFile section */
		004DC137DB2204AB78228D68 /* Pods_DroneBarcodeUITests.framework in Frameworks */ = {isa = PBXBuildFile; fileRef = 5E69B1D46659CF7A0CB3BEBC /* Pods_DroneBarcodeUITests.framework */; };
		4F39F3EC88339F367F308A03 /* Pods_DroneBarcodeTests.framework in Frameworks */ = {isa = PBXBuildFile; fileRef = C21EAE3F000FE2E4D3F68573 /* Pods_DroneBarcodeTests.framework */; };
		840069A7218B3C6700222C3D /* libiconv.tbd in Frameworks */ = {isa = PBXBuildFile; fileRef = 840069A6218B3C6700222C3D /* libiconv.tbd */; };
		840069A9218B3C6E00222C3D /* libc++.tbd in Frameworks */ = {isa = PBXBuildFile; fileRef = 840069A8218B3C6E00222C3D /* libc++.tbd */; };
		840069AB218B3C7400222C3D /* libz.tbd in Frameworks */ = {isa = PBXBuildFile; fileRef = 840069AA218B3C7300222C3D /* libz.tbd */; };
		8422691B2180D432002955A3 /* FlightReplayer.swift in Sources */ = {isa = PBXBuildFile; fileRef = 8422691A2180D432002955A3 /* FlightReplayer.swift */; };
		847491422189F24C009AD022 /* DJISDK.framework in Frameworks */ = {isa = PBXBuildFile; fileRef = 847491412189F24C009AD022 /* DJISDK.framework */; };
		8486E2F4217E06C70066491D /* Benchmark.swift in Sources */ = {isa = PBXBuildFile; fileRef = 8486E2F3217E06C70066491D /* Benchmark.swift */; };
		8486E2F6217F87D60066491D /* FlightRecorder.swift in Sources */ = {isa = PBXBuildFile; fileRef = 8486E2F5217F87D60066491D /* FlightRecorder.swift */; };
		84BA9517218B47C100F28DCD /* RectDrawView.swift in Sources */ = {isa = PBXBuildFile; fileRef = 84BA9516218B47C100F28DCD /* RectDrawView.swift */; };
		84BA951A218C741D00F28DCD /* PositionMonitor.swift in Sources */ = {isa = PBXBuildFile; fileRef = 84BA9519218C741D00F28DCD /* PositionMonitor.swift */; };
		84C2836D219090ED0073F81D /* PositionUtil.swift in Sources */ = {isa = PBXBuildFile; fileRef = 84C2836C219090ED0073F81D /* PositionUtil.swift */; };
		84C283742191C92E0073F81D /* LeggedFlightRecorder.swift in Sources */ = {isa = PBXBuildFile; fileRef = 84C283732191C92E0073F81D /* LeggedFlightRecorder.swift */; };
		84C283772191E98C0073F81D /* Main.storyboard in Resources */ = {isa = PBXBuildFile; fileRef = 84C283752191E98C0073F81D /* Main.storyboard */; };
		84E280BE218B335F00A33B9A /* ScanditBarcodeScanner.framework in Frameworks */ = {isa = PBXBuildFile; fileRef = 84E280BD218B335E00A33B9A /* ScanditBarcodeScanner.framework */; };
		84E58EED217A3117004F076E /* FlightTrack.swift in Sources */ = {isa = PBXBuildFile; fileRef = 84E58EEC217A3117004F076E /* FlightTrack.swift */; };
		84E58EF0217A4AAE004F076E /* TrackManager.swift in Sources */ = {isa = PBXBuildFile; fileRef = 84E58EEF217A4AAE004F076E /* TrackManager.swift */; };
		84F49C11218B39B60021CF94 /* AudioToolbox.framework in Frameworks */ = {isa = PBXBuildFile; fileRef = 84F49C10218B39B60021CF94 /* AudioToolbox.framework */; };
		84F49C13218B39BD0021CF94 /* CoreText.framework in Frameworks */ = {isa = PBXBuildFile; fileRef = 84F49C12218B39BD0021CF94 /* CoreText.framework */; };
		84F49C15218B39C40021CF94 /* OpenGLES.framework in Frameworks */ = {isa = PBXBuildFile; fileRef = 84F49C14218B39C40021CF94 /* OpenGLES.framework */; };
		84F49C17218B39CB0021CF94 /* MessageUI.framework in Frameworks */ = {isa = PBXBuildFile; fileRef = 84F49C16218B39CA0021CF94 /* MessageUI.framework */; };
		84F49C19218B39D20021CF94 /* CoreVideo.framework in Frameworks */ = {isa = PBXBuildFile; fileRef = 84F49C18218B39D10021CF94 /* CoreVideo.framework */; };
		84F49C1B218B39D50021CF94 /* UIKit.framework in Frameworks */ = {isa = PBXBuildFile; fileRef = 84F49C1A218B39D50021CF94 /* UIKit.framework */; };
		84F49C1D218B39DC0021CF94 /* CoreGraphics.framework in Frameworks */ = {isa = PBXBuildFile; fileRef = 84F49C1C218B39DC0021CF94 /* CoreGraphics.framework */; };
		84F49C1F218B39E40021CF94 /* AVFoundation.framework in Frameworks */ = {isa = PBXBuildFile; fileRef = 84F49C1E218B39E40021CF94 /* AVFoundation.framework */; };
		84F49C21218B39E90021CF94 /* CoreMedia.framework in Frameworks */ = {isa = PBXBuildFile; fileRef = 84F49C20218B39E90021CF94 /* CoreMedia.framework */; };
		84F49C23218B39F10021CF94 /* QuartzCore.framework in Frameworks */ = {isa = PBXBuildFile; fileRef = 84F49C22218B39F10021CF94 /* QuartzCore.framework */; };
		84F49C25218B39F70021CF94 /* SystemConfiguration.framework in Frameworks */ = {isa = PBXBuildFile; fileRef = 84F49C24218B39F70021CF94 /* SystemConfiguration.framework */; };
		84F49C27218B39FD0021CF94 /* MediaPlayer.framework in Frameworks */ = {isa = PBXBuildFile; fileRef = 84F49C26218B39FD0021CF94 /* MediaPlayer.framework */; };
		84F49C29218B3A4E0021CF94 /* ScanditBarcodeScanner.bundle in Resources */ = {isa = PBXBuildFile; fileRef = 84F49C28218B3A4E0021CF94 /* ScanditBarcodeScanner.bundle */; };
		EED424ECE5E02553DF4FD39A /* Pods_DroneBarcode.framework in Frameworks */ = {isa = PBXBuildFile; fileRef = 88A760908F0547DEDDF64623 /* Pods_DroneBarcode.framework */; };
		FF54F2ED206573DE00F8DBDF /* FlightPlanViewController.swift in Sources */ = {isa = PBXBuildFile; fileRef = FF54F2EC206573DE00F8DBDF /* FlightPlanViewController.swift */; };
		FF54F2EF2065755D00F8DBDF /* Utils.swift in Sources */ = {isa = PBXBuildFile; fileRef = FF54F2EE2065755D00F8DBDF /* Utils.swift */; };
		FF54F2F12065758A00F8DBDF /* FlightPlanner.swift in Sources */ = {isa = PBXBuildFile; fileRef = FF54F2F02065758A00F8DBDF /* FlightPlanner.swift */; };
		FF61782F209B41520098F1C6 /* FlightControlCallback.swift in Sources */ = {isa = PBXBuildFile; fileRef = FF61782E209B41520098F1C6 /* FlightControlCallback.swift */; };
		FFA3754C206939C20031ACED /* BarcodeScanner.swift in Sources */ = {isa = PBXBuildFile; fileRef = FFA3754B206939C20031ACED /* BarcodeScanner.swift */; };
		FFA3754E20693A2D0031ACED /* BarcodeScanCallback.swift in Sources */ = {isa = PBXBuildFile; fileRef = FFA3754D20693A2D0031ACED /* BarcodeScanCallback.swift */; };
		FFA8B7BD2063F27C00676B06 /* DroneConnectionManager.swift in Sources */ = {isa = PBXBuildFile; fileRef = FFA8B7BC2063F27C00676B06 /* DroneConnectionManager.swift */; };
		FFA8B7C02063FC7B00676B06 /* StartupViewController.swift in Sources */ = {isa = PBXBuildFile; fileRef = FFA8B7BF2063FC7B00676B06 /* StartupViewController.swift */; };
		FFA8B7C22064056100676B06 /* ScanSampleViewController.swift in Sources */ = {isa = PBXBuildFile; fileRef = FFA8B7C12064056100676B06 /* ScanSampleViewController.swift */; };
		FFA8B7E02064092800676B06 /* VideoPreviewer.framework in Frameworks */ = {isa = PBXBuildFile; fileRef = FFA8B7DF2064091800676B06 /* VideoPreviewer.framework */; };
		FFA8B7E12064092800676B06 /* VideoPreviewer.framework in Embed Frameworks */ = {isa = PBXBuildFile; fileRef = FFA8B7DF2064091800676B06 /* VideoPreviewer.framework */; settings = {ATTRIBUTES = (CodeSignOnCopy, RemoveHeadersOnCopy, ); }; };
		FFCDE08C2062A2CC00F885B3 /* AppDelegate.swift in Sources */ = {isa = PBXBuildFile; fileRef = FFCDE08B2062A2CC00F885B3 /* AppDelegate.swift */; };
		FFCDE0932062A2CC00F885B3 /* Assets.xcassets in Resources */ = {isa = PBXBuildFile; fileRef = FFCDE0922062A2CC00F885B3 /* Assets.xcassets */; };
		FFCDE0A12062A2CC00F885B3 /* DroneBarcodeTests.swift in Sources */ = {isa = PBXBuildFile; fileRef = FFCDE0A02062A2CC00F885B3 /* DroneBarcodeTests.swift */; };
		FFCDE0AC2062A2CD00F885B3 /* DroneBarcodeUITests.swift in Sources */ = {isa = PBXBuildFile; fileRef = FFCDE0AB2062A2CD00F885B3 /* DroneBarcodeUITests.swift */; };
		FFFFC5C720A21A7900A4794C /* SendBarcodeTask.swift in Sources */ = {isa = PBXBuildFile; fileRef = FFFFC5C620A21A7900A4794C /* SendBarcodeTask.swift */; };
/* End PBXBuildFile section */

/* Begin PBXContainerItemProxy section */
		FFA8B7DE2064091800676B06 /* PBXContainerItemProxy */ = {
			isa = PBXContainerItemProxy;
			containerPortal = FFA8B7DA2064091800676B06 /* VideoPreviewer.xcodeproj */;
			proxyType = 2;
			remoteGlobalIDString = 02A543FD1C3C51CB0083C11B;
			remoteInfo = VideoPreviewer;
		};
		FFA8B7E22064092800676B06 /* PBXContainerItemProxy */ = {
			isa = PBXContainerItemProxy;
			containerPortal = FFA8B7DA2064091800676B06 /* VideoPreviewer.xcodeproj */;
			proxyType = 1;
			remoteGlobalIDString = 02A543FC1C3C51CB0083C11B;
			remoteInfo = VideoPreviewer;
		};
		FFCDE09D2062A2CC00F885B3 /* PBXContainerItemProxy */ = {
			isa = PBXContainerItemProxy;
			containerPortal = FFCDE0802062A2CC00F885B3 /* Project object */;
			proxyType = 1;
			remoteGlobalIDString = FFCDE0872062A2CC00F885B3;
			remoteInfo = DroneBarcode;
		};
		FFCDE0A82062A2CD00F885B3 /* PBXContainerItemProxy */ = {
			isa = PBXContainerItemProxy;
			containerPortal = FFCDE0802062A2CC00F885B3 /* Project object */;
			proxyType = 1;
			remoteGlobalIDString = FFCDE0872062A2CC00F885B3;
			remoteInfo = DroneBarcode;
		};
/* End PBXContainerItemProxy section */

/* Begin PBXCopyFilesBuildPhase section */
		FFA8B7E42064092900676B06 /* Embed Frameworks */ = {
			isa = PBXCopyFilesBuildPhase;
			buildActionMask = 2147483647;
			dstPath = "";
			dstSubfolderSpec = 10;
			files = (
				FFA8B7E12064092800676B06 /* VideoPreviewer.framework in Embed Frameworks */,
			);
			name = "Embed Frameworks";
			runOnlyForDeploymentPostprocessing = 0;
		};
/* End PBXCopyFilesBuildPhase section */

/* Begin PBXFileReference section */
		1EDBD3EDCCB9E183A8526B4B /* Pods-DroneBarcodeTests.debug.xcconfig */ = {isa = PBXFileReference; includeInIndex = 1; lastKnownFileType = text.xcconfig; name = "Pods-DroneBarcodeTests.debug.xcconfig"; path = "Pods/Target Support Files/Pods-DroneBarcodeTests/Pods-DroneBarcodeTests.debug.xcconfig"; sourceTree = "<group>"; };
		5E69B1D46659CF7A0CB3BEBC /* Pods_DroneBarcodeUITests.framework */ = {isa = PBXFileReference; explicitFileType = wrapper.framework; includeInIndex = 0; path = Pods_DroneBarcodeUITests.framework; sourceTree = BUILT_PRODUCTS_DIR; };
		63D7A895E808F1E8D7D6E58E /* Pods-DroneBarcodeTests.release.xcconfig */ = {isa = PBXFileReference; includeInIndex = 1; lastKnownFileType = text.xcconfig; name = "Pods-DroneBarcodeTests.release.xcconfig"; path = "Pods/Target Support Files/Pods-DroneBarcodeTests/Pods-DroneBarcodeTests.release.xcconfig"; sourceTree = "<group>"; };
		7C97732F2EFC688048B4D525 /* Pods-DroneBarcode.release.xcconfig */ = {isa = PBXFileReference; includeInIndex = 1; lastKnownFileType = text.xcconfig; name = "Pods-DroneBarcode.release.xcconfig"; path = "Pods/Target Support Files/Pods-DroneBarcode/Pods-DroneBarcode.release.xcconfig"; sourceTree = "<group>"; };
		840069A6218B3C6700222C3D /* libiconv.tbd */ = {isa = PBXFileReference; lastKnownFileType = "sourcecode.text-based-dylib-definition"; name = libiconv.tbd; path = usr/lib/libiconv.tbd; sourceTree = SDKROOT; };
		840069A8218B3C6E00222C3D /* libc++.tbd */ = {isa = PBXFileReference; lastKnownFileType = "sourcecode.text-based-dylib-definition"; name = "libc++.tbd"; path = "usr/lib/libc++.tbd"; sourceTree = SDKROOT; };
		840069AA218B3C7300222C3D /* libz.tbd */ = {isa = PBXFileReference; lastKnownFileType = "sourcecode.text-based-dylib-definition"; name = libz.tbd; path = usr/lib/libz.tbd; sourceTree = SDKROOT; };
		8422691A2180D432002955A3 /* FlightReplayer.swift */ = {isa = PBXFileReference; lastKnownFileType = sourcecode.swift; path = FlightReplayer.swift; sourceTree = "<group>"; };
		847491412189F24C009AD022 /* DJISDK.framework */ = {isa = PBXFileReference; lastKnownFileType = wrapper.framework; path = DJISDK.framework; sourceTree = "<group>"; };
		8486E2F3217E06C70066491D /* Benchmark.swift */ = {isa = PBXFileReference; lastKnownFileType = sourcecode.swift; path = Benchmark.swift; sourceTree = "<group>"; };
		8486E2F5217F87D60066491D /* FlightRecorder.swift */ = {isa = PBXFileReference; lastKnownFileType = sourcecode.swift; path = FlightRecorder.swift; sourceTree = "<group>"; };
		84BA9516218B47C100F28DCD /* RectDrawView.swift */ = {isa = PBXFileReference; lastKnownFileType = sourcecode.swift; path = RectDrawView.swift; sourceTree = "<group>"; };
		84BA9519218C741D00F28DCD /* PositionMonitor.swift */ = {isa = PBXFileReference; lastKnownFileType = sourcecode.swift; path = PositionMonitor.swift; sourceTree = "<group>"; };
		84C2836C219090ED0073F81D /* PositionUtil.swift */ = {isa = PBXFileReference; lastKnownFileType = sourcecode.swift; path = PositionUtil.swift; sourceTree = "<group>"; };
		84C283732191C92E0073F81D /* LeggedFlightRecorder.swift */ = {isa = PBXFileReference; lastKnownFileType = sourcecode.swift; path = LeggedFlightRecorder.swift; sourceTree = "<group>"; };
		84C283762191E98C0073F81D /* Base */ = {isa = PBXFileReference; lastKnownFileType = file.storyboard; name = Base; path = Base.lproj/Main.storyboard; sourceTree = "<group>"; };
		84E280BD218B335E00A33B9A /* ScanditBarcodeScanner.framework */ = {isa = PBXFileReference; lastKnownFileType = wrapper.framework; path = ScanditBarcodeScanner.framework; sourceTree = "<group>"; };
		84E58EEC217A3117004F076E /* FlightTrack.swift */ = {isa = PBXFileReference; lastKnownFileType = sourcecode.swift; path = FlightTrack.swift; sourceTree = "<group>"; };
		84E58EEF217A4AAE004F076E /* TrackManager.swift */ = {isa = PBXFileReference; lastKnownFileType = sourcecode.swift; path = TrackManager.swift; sourceTree = "<group>"; };
		84F49C10218B39B60021CF94 /* AudioToolbox.framework */ = {isa = PBXFileReference; lastKnownFileType = wrapper.framework; name = AudioToolbox.framework; path = System/Library/Frameworks/AudioToolbox.framework; sourceTree = SDKROOT; };
		84F49C12218B39BD0021CF94 /* CoreText.framework */ = {isa = PBXFileReference; lastKnownFileType = wrapper.framework; name = CoreText.framework; path = System/Library/Frameworks/CoreText.framework; sourceTree = SDKROOT; };
		84F49C14218B39C40021CF94 /* OpenGLES.framework */ = {isa = PBXFileReference; lastKnownFileType = wrapper.framework; name = OpenGLES.framework; path = System/Library/Frameworks/OpenGLES.framework; sourceTree = SDKROOT; };
		84F49C16218B39CA0021CF94 /* MessageUI.framework */ = {isa = PBXFileReference; lastKnownFileType = wrapper.framework; name = MessageUI.framework; path = System/Library/Frameworks/MessageUI.framework; sourceTree = SDKROOT; };
		84F49C18218B39D10021CF94 /* CoreVideo.framework */ = {isa = PBXFileReference; lastKnownFileType = wrapper.framework; name = CoreVideo.framework; path = System/Library/Frameworks/CoreVideo.framework; sourceTree = SDKROOT; };
		84F49C1A218B39D50021CF94 /* UIKit.framework */ = {isa = PBXFileReference; lastKnownFileType = wrapper.framework; name = UIKit.framework; path = System/Library/Frameworks/UIKit.framework; sourceTree = SDKROOT; };
		84F49C1C218B39DC0021CF94 /* CoreGraphics.framework */ = {isa = PBXFileReference; lastKnownFileType = wrapper.framework; name = CoreGraphics.framework; path = System/Library/Frameworks/CoreGraphics.framework; sourceTree = SDKROOT; };
		84F49C1E218B39E40021CF94 /* AVFoundation.framework */ = {isa = PBXFileReference; lastKnownFileType = wrapper.framework; name = AVFoundation.framework; path = System/Library/Frameworks/AVFoundation.framework; sourceTree = SDKROOT; };
		84F49C20218B39E90021CF94 /* CoreMedia.framework */ = {isa = PBXFileReference; lastKnownFileType = wrapper.framework; name = CoreMedia.framework; path = System/Library/Frameworks/CoreMedia.framework; sourceTree = SDKROOT; };
		84F49C22218B39F10021CF94 /* QuartzCore.framework */ = {isa = PBXFileReference; lastKnownFileType = wrapper.framework; name = QuartzCore.framework; path = System/Library/Frameworks/QuartzCore.framework; sourceTree = SDKROOT; };
		84F49C24218B39F70021CF94 /* SystemConfiguration.framework */ = {isa = PBXFileReference; lastKnownFileType = wrapper.framework; name = SystemConfiguration.framework; path = System/Library/Frameworks/SystemConfiguration.framework; sourceTree = SDKROOT; };
		84F49C26218B39FD0021CF94 /* MediaPlayer.framework */ = {isa = PBXFileReference; lastKnownFileType = wrapper.framework; name = MediaPlayer.framework; path = System/Library/Frameworks/MediaPlayer.framework; sourceTree = SDKROOT; };
		84F49C28218B3A4E0021CF94 /* ScanditBarcodeScanner.bundle */ = {isa = PBXFileReference; lastKnownFileType = "wrapper.plug-in"; name = ScanditBarcodeScanner.bundle; path = ScanditBarcodeScanner.framework/Resources/ScanditBarcodeScanner.bundle; sourceTree = "<group>"; };
		88A760908F0547DEDDF64623 /* Pods_DroneBarcode.framework */ = {isa = PBXFileReference; explicitFileType = wrapper.framework; includeInIndex = 0; path = Pods_DroneBarcode.framework; sourceTree = BUILT_PRODUCTS_DIR; };
		96345A5D1016C1C5EE1CA9F2 /* Pods-DroneBarcodeUITests.release.xcconfig */ = {isa = PBXFileReference; includeInIndex = 1; lastKnownFileType = text.xcconfig; name = "Pods-DroneBarcodeUITests.release.xcconfig"; path = "Pods/Target Support Files/Pods-DroneBarcodeUITests/Pods-DroneBarcodeUITests.release.xcconfig"; sourceTree = "<group>"; };
		C21EAE3F000FE2E4D3F68573 /* Pods_DroneBarcodeTests.framework */ = {isa = PBXFileReference; explicitFileType = wrapper.framework; includeInIndex = 0; path = Pods_DroneBarcodeTests.framework; sourceTree = BUILT_PRODUCTS_DIR; };
		C80697D5C040D7634011A7DC /* Pods-DroneBarcodeUITests.debug.xcconfig */ = {isa = PBXFileReference; includeInIndex = 1; lastKnownFileType = text.xcconfig; name = "Pods-DroneBarcodeUITests.debug.xcconfig"; path = "Pods/Target Support Files/Pods-DroneBarcodeUITests/Pods-DroneBarcodeUITests.debug.xcconfig"; sourceTree = "<group>"; };
		E0E777A4ACE88F52F24C1267 /* Pods-DroneBarcode.debug.xcconfig */ = {isa = PBXFileReference; includeInIndex = 1; lastKnownFileType = text.xcconfig; name = "Pods-DroneBarcode.debug.xcconfig"; path = "Pods/Target Support Files/Pods-DroneBarcode/Pods-DroneBarcode.debug.xcconfig"; sourceTree = "<group>"; };
		FF37DA7520A5F108001D610F /* DroneBarcode-Bridging-Header.h */ = {isa = PBXFileReference; lastKnownFileType = sourcecode.c.h; path = "DroneBarcode-Bridging-Header.h"; sourceTree = "<group>"; };
		FF54F2EC206573DE00F8DBDF /* FlightPlanViewController.swift */ = {isa = PBXFileReference; lastKnownFileType = sourcecode.swift; path = FlightPlanViewController.swift; sourceTree = "<group>"; };
		FF54F2EE2065755D00F8DBDF /* Utils.swift */ = {isa = PBXFileReference; lastKnownFileType = sourcecode.swift; path = Utils.swift; sourceTree = "<group>"; };
		FF54F2F02065758A00F8DBDF /* FlightPlanner.swift */ = {isa = PBXFileReference; lastKnownFileType = sourcecode.swift; path = FlightPlanner.swift; sourceTree = "<group>"; };
		FF61782E209B41520098F1C6 /* FlightControlCallback.swift */ = {isa = PBXFileReference; lastKnownFileType = sourcecode.swift; path = FlightControlCallback.swift; sourceTree = "<group>"; };
		FFA3754B206939C20031ACED /* BarcodeScanner.swift */ = {isa = PBXFileReference; lastKnownFileType = sourcecode.swift; path = BarcodeScanner.swift; sourceTree = "<group>"; };
		FFA3754D20693A2D0031ACED /* BarcodeScanCallback.swift */ = {isa = PBXFileReference; lastKnownFileType = sourcecode.swift; path = BarcodeScanCallback.swift; sourceTree = "<group>"; };
		FFA8B7BC2063F27C00676B06 /* DroneConnectionManager.swift */ = {isa = PBXFileReference; lastKnownFileType = sourcecode.swift; path = DroneConnectionManager.swift; sourceTree = "<group>"; };
		FFA8B7BF2063FC7B00676B06 /* StartupViewController.swift */ = {isa = PBXFileReference; lastKnownFileType = sourcecode.swift; path = StartupViewController.swift; sourceTree = "<group>"; };
		FFA8B7C12064056100676B06 /* ScanSampleViewController.swift */ = {isa = PBXFileReference; lastKnownFileType = sourcecode.swift; path = ScanSampleViewController.swift; sourceTree = "<group>"; };
		FFA8B7DA2064091800676B06 /* VideoPreviewer.xcodeproj */ = {isa = PBXFileReference; lastKnownFileType = "wrapper.pb-project"; name = VideoPreviewer.xcodeproj; path = VideoPreviewer/VideoPreviewer.xcodeproj; sourceTree = "<group>"; };
		FFCDE0882062A2CC00F885B3 /* DroneBarcode.app */ = {isa = PBXFileReference; explicitFileType = wrapper.application; includeInIndex = 0; path = DroneBarcode.app; sourceTree = BUILT_PRODUCTS_DIR; };
		FFCDE08B2062A2CC00F885B3 /* AppDelegate.swift */ = {isa = PBXFileReference; lastKnownFileType = sourcecode.swift; path = AppDelegate.swift; sourceTree = "<group>"; };
		FFCDE0922062A2CC00F885B3 /* Assets.xcassets */ = {isa = PBXFileReference; lastKnownFileType = folder.assetcatalog; path = Assets.xcassets; sourceTree = "<group>"; };
		FFCDE0972062A2CC00F885B3 /* Info.plist */ = {isa = PBXFileReference; lastKnownFileType = text.plist.xml; path = Info.plist; sourceTree = "<group>"; };
		FFCDE09C2062A2CC00F885B3 /* DroneBarcodeTests.xctest */ = {isa = PBXFileReference; explicitFileType = wrapper.cfbundle; includeInIndex = 0; path = DroneBarcodeTests.xctest; sourceTree = BUILT_PRODUCTS_DIR; };
		FFCDE0A02062A2CC00F885B3 /* DroneBarcodeTests.swift */ = {isa = PBXFileReference; lastKnownFileType = sourcecode.swift; path = DroneBarcodeTests.swift; sourceTree = "<group>"; };
		FFCDE0A22062A2CC00F885B3 /* Info.plist */ = {isa = PBXFileReference; lastKnownFileType = text.plist.xml; path = Info.plist; sourceTree = "<group>"; };
		FFCDE0A72062A2CD00F885B3 /* DroneBarcodeUITests.xctest */ = {isa = PBXFileReference; explicitFileType = wrapper.cfbundle; includeInIndex = 0; path = DroneBarcodeUITests.xctest; sourceTree = BUILT_PRODUCTS_DIR; };
		FFCDE0AB2062A2CD00F885B3 /* DroneBarcodeUITests.swift */ = {isa = PBXFileReference; lastKnownFileType = sourcecode.swift; path = DroneBarcodeUITests.swift; sourceTree = "<group>"; };
		FFCDE0AD2062A2CD00F885B3 /* Info.plist */ = {isa = PBXFileReference; lastKnownFileType = text.plist.xml; path = Info.plist; sourceTree = "<group>"; };
		FFFFC5C620A21A7900A4794C /* SendBarcodeTask.swift */ = {isa = PBXFileReference; lastKnownFileType = sourcecode.swift; path = SendBarcodeTask.swift; sourceTree = "<group>"; };
/* End PBXFileReference section */

/* Begin PBXFrameworksBuildPhase section */
		FFCDE0852062A2CC00F885B3 /* Frameworks */ = {
			isa = PBXFrameworksBuildPhase;
			buildActionMask = 2147483647;
			files = (
				840069AB218B3C7400222C3D /* libz.tbd in Frameworks */,
				840069A9218B3C6E00222C3D /* libc++.tbd in Frameworks */,
				840069A7218B3C6700222C3D /* libiconv.tbd in Frameworks */,
				84F49C27218B39FD0021CF94 /* MediaPlayer.framework in Frameworks */,
				84F49C25218B39F70021CF94 /* SystemConfiguration.framework in Frameworks */,
				84F49C23218B39F10021CF94 /* QuartzCore.framework in Frameworks */,
				84F49C21218B39E90021CF94 /* CoreMedia.framework in Frameworks */,
				84F49C1F218B39E40021CF94 /* AVFoundation.framework in Frameworks */,
				84F49C1D218B39DC0021CF94 /* CoreGraphics.framework in Frameworks */,
				84F49C1B218B39D50021CF94 /* UIKit.framework in Frameworks */,
				84F49C19218B39D20021CF94 /* CoreVideo.framework in Frameworks */,
				84F49C17218B39CB0021CF94 /* MessageUI.framework in Frameworks */,
				84F49C15218B39C40021CF94 /* OpenGLES.framework in Frameworks */,
				84F49C13218B39BD0021CF94 /* CoreText.framework in Frameworks */,
				84F49C11218B39B60021CF94 /* AudioToolbox.framework in Frameworks */,
				847491422189F24C009AD022 /* DJISDK.framework in Frameworks */,
				FFA8B7E02064092800676B06 /* VideoPreviewer.framework in Frameworks */,
				EED424ECE5E02553DF4FD39A /* Pods_DroneBarcode.framework in Frameworks */,
				84E280BE218B335F00A33B9A /* ScanditBarcodeScanner.framework in Frameworks */,
			);
			runOnlyForDeploymentPostprocessing = 0;
		};
		FFCDE0992062A2CC00F885B3 /* Frameworks */ = {
			isa = PBXFrameworksBuildPhase;
			buildActionMask = 2147483647;
			files = (
				4F39F3EC88339F367F308A03 /* Pods_DroneBarcodeTests.framework in Frameworks */,
			);
			runOnlyForDeploymentPostprocessing = 0;
		};
		FFCDE0A42062A2CD00F885B3 /* Frameworks */ = {
			isa = PBXFrameworksBuildPhase;
			buildActionMask = 2147483647;
			files = (
				004DC137DB2204AB78228D68 /* Pods_DroneBarcodeUITests.framework in Frameworks */,
			);
			runOnlyForDeploymentPostprocessing = 0;
		};
/* End PBXFrameworksBuildPhase section */

/* Begin PBXGroup section */
		31917A40288C1EAE6E5AAEBD /* Pods */ = {
			isa = PBXGroup;
			children = (
				E0E777A4ACE88F52F24C1267 /* Pods-DroneBarcode.debug.xcconfig */,
				7C97732F2EFC688048B4D525 /* Pods-DroneBarcode.release.xcconfig */,
				1EDBD3EDCCB9E183A8526B4B /* Pods-DroneBarcodeTests.debug.xcconfig */,
				63D7A895E808F1E8D7D6E58E /* Pods-DroneBarcodeTests.release.xcconfig */,
				C80697D5C040D7634011A7DC /* Pods-DroneBarcodeUITests.debug.xcconfig */,
				96345A5D1016C1C5EE1CA9F2 /* Pods-DroneBarcodeUITests.release.xcconfig */,
			);
			name = Pods;
			sourceTree = "<group>";
		};
		84BA9515218B47AD00F28DCD /* View */ = {
			isa = PBXGroup;
			children = (
				84BA9516218B47C100F28DCD /* RectDrawView.swift */,
			);
			path = View;
			sourceTree = "<group>";
		};
		84E58EEB217A310B004F076E /* Flight */ = {
			isa = PBXGroup;
			children = (
				84BA9519218C741D00F28DCD /* PositionMonitor.swift */,
				84C2836C219090ED0073F81D /* PositionUtil.swift */,
				8422691A2180D432002955A3 /* FlightReplayer.swift */,
				8486E2F5217F87D60066491D /* FlightRecorder.swift */,
				84E58EEC217A3117004F076E /* FlightTrack.swift */,
				84C283732191C92E0073F81D /* LeggedFlightRecorder.swift */,
			);
			path = Flight;
			sourceTree = "<group>";
		};
		84E58EEE217A4A77004F076E /* Util */ = {
			isa = PBXGroup;
			children = (
				84E58EEF217A4AAE004F076E /* TrackManager.swift */,
				8486E2F3217E06C70066491D /* Benchmark.swift */,
			);
			path = Util;
			sourceTree = "<group>";
		};
		C35D21EFFC07DCCDD6C73847 /* Frameworks */ = {
			isa = PBXGroup;
			children = (
				840069AA218B3C7300222C3D /* libz.tbd */,
				840069A8218B3C6E00222C3D /* libc++.tbd */,
				840069A6218B3C6700222C3D /* libiconv.tbd */,
				84F49C26218B39FD0021CF94 /* MediaPlayer.framework */,
				84F49C24218B39F70021CF94 /* SystemConfiguration.framework */,
				84F49C22218B39F10021CF94 /* QuartzCore.framework */,
				84F49C20218B39E90021CF94 /* CoreMedia.framework */,
				84F49C1E218B39E40021CF94 /* AVFoundation.framework */,
				84F49C1C218B39DC0021CF94 /* CoreGraphics.framework */,
				84F49C1A218B39D50021CF94 /* UIKit.framework */,
				84F49C18218B39D10021CF94 /* CoreVideo.framework */,
				84F49C16218B39CA0021CF94 /* MessageUI.framework */,
				84F49C14218B39C40021CF94 /* OpenGLES.framework */,
				84F49C12218B39BD0021CF94 /* CoreText.framework */,
				84F49C10218B39B60021CF94 /* AudioToolbox.framework */,
				FFA8B7DA2064091800676B06 /* VideoPreviewer.xcodeproj */,
				88A760908F0547DEDDF64623 /* Pods_DroneBarcode.framework */,
				C21EAE3F000FE2E4D3F68573 /* Pods_DroneBarcodeTests.framework */,
				84F49C28218B3A4E0021CF94 /* ScanditBarcodeScanner.bundle */,
				84E280BD218B335E00A33B9A /* ScanditBarcodeScanner.framework */,
				847491412189F24C009AD022 /* DJISDK.framework */,
				5E69B1D46659CF7A0CB3BEBC /* Pods_DroneBarcodeUITests.framework */,
			);
			name = Frameworks;
			sourceTree = "<group>";
		};
		FFA37548206935EA0031ACED /* Callbacks */ = {
			isa = PBXGroup;
			children = (
				FFA3754D20693A2D0031ACED /* BarcodeScanCallback.swift */,
				FF61782E209B41520098F1C6 /* FlightControlCallback.swift */,
			);
			path = Callbacks;
			sourceTree = "<group>";
		};
		FFA8B7BB2063F23500676B06 /* Services */ = {
			isa = PBXGroup;
			children = (
				FFA37548206935EA0031ACED /* Callbacks */,
				FFA3754B206939C20031ACED /* BarcodeScanner.swift */,
				FFA8B7BC2063F27C00676B06 /* DroneConnectionManager.swift */,
				FF54F2F02065758A00F8DBDF /* FlightPlanner.swift */,
				FFFFC5C620A21A7900A4794C /* SendBarcodeTask.swift */,
				FF54F2EE2065755D00F8DBDF /* Utils.swift */,
				FF37DA7520A5F108001D610F /* DroneBarcode-Bridging-Header.h */,
			);
			path = Services;
			sourceTree = "<group>";
		};
		FFA8B7BE2063FC6800676B06 /* ViewControllers */ = {
			isa = PBXGroup;
			children = (
				FF54F2EC206573DE00F8DBDF /* FlightPlanViewController.swift */,
				FFA8B7C12064056100676B06 /* ScanSampleViewController.swift */,
				FFA8B7BF2063FC7B00676B06 /* StartupViewController.swift */,
			);
			path = ViewControllers;
			sourceTree = "<group>";
		};
		FFA8B7DB2064091800676B06 /* Products */ = {
			isa = PBXGroup;
			children = (
				FFA8B7DF2064091800676B06 /* VideoPreviewer.framework */,
			);
			name = Products;
			sourceTree = "<group>";
		};
		FFCDE07F2062A2CC00F885B3 = {
			isa = PBXGroup;
			children = (
				FFCDE08A2062A2CC00F885B3 /* DroneBarcode */,
				FFCDE09F2062A2CC00F885B3 /* DroneBarcodeTests */,
				FFCDE0AA2062A2CD00F885B3 /* DroneBarcodeUITests */,
				FFCDE0892062A2CC00F885B3 /* Products */,
				31917A40288C1EAE6E5AAEBD /* Pods */,
				C35D21EFFC07DCCDD6C73847 /* Frameworks */,
			);
			sourceTree = "<group>";
		};
		FFCDE0892062A2CC00F885B3 /* Products */ = {
			isa = PBXGroup;
			children = (
				FFCDE0882062A2CC00F885B3 /* DroneBarcode.app */,
				FFCDE09C2062A2CC00F885B3 /* DroneBarcodeTests.xctest */,
				FFCDE0A72062A2CD00F885B3 /* DroneBarcodeUITests.xctest */,
			);
			name = Products;
			sourceTree = "<group>";
		};
		FFCDE08A2062A2CC00F885B3 /* DroneBarcode */ = {
			isa = PBXGroup;
			children = (
				84BA9515218B47AD00F28DCD /* View */,
				84E58EEE217A4A77004F076E /* Util */,
				84E58EEB217A310B004F076E /* Flight */,
				FFA8B7BB2063F23500676B06 /* Services */,
				FFA8B7BE2063FC6800676B06 /* ViewControllers */,
				FFCDE08B2062A2CC00F885B3 /* AppDelegate.swift */,
				84C283752191E98C0073F81D /* Main.storyboard */,
				FFCDE0922062A2CC00F885B3 /* Assets.xcassets */,
				FFCDE0972062A2CC00F885B3 /* Info.plist */,
			);
			path = DroneBarcode;
			sourceTree = "<group>";
		};
		FFCDE09F2062A2CC00F885B3 /* DroneBarcodeTests */ = {
			isa = PBXGroup;
			children = (
				FFCDE0A02062A2CC00F885B3 /* DroneBarcodeTests.swift */,
				FFCDE0A22062A2CC00F885B3 /* Info.plist */,
			);
			path = DroneBarcodeTests;
			sourceTree = "<group>";
		};
		FFCDE0AA2062A2CD00F885B3 /* DroneBarcodeUITests */ = {
			isa = PBXGroup;
			children = (
				FFCDE0AB2062A2CD00F885B3 /* DroneBarcodeUITests.swift */,
				FFCDE0AD2062A2CD00F885B3 /* Info.plist */,
			);
			path = DroneBarcodeUITests;
			sourceTree = "<group>";
		};
/* End PBXGroup section */

/* Begin PBXNativeTarget section */
		FFCDE0872062A2CC00F885B3 /* DroneBarcode */ = {
			isa = PBXNativeTarget;
			buildConfigurationList = FFCDE0B02062A2CD00F885B3 /* Build configuration list for PBXNativeTarget "DroneBarcode" */;
			buildPhases = (
				331679C9ED9D6292FFD7A30E /* [CP] Check Pods Manifest.lock */,
				FFCDE0842062A2CC00F885B3 /* Sources */,
				FFCDE0852062A2CC00F885B3 /* Frameworks */,
				FFCDE0862062A2CC00F885B3 /* Resources */,
				E404B298DD1FA49B74C21940 /* [CP] Embed Pods Frameworks */,
				FFA8B7E42064092900676B06 /* Embed Frameworks */,
			);
			buildRules = (
			);
			dependencies = (
				FFA8B7E32064092800676B06 /* PBXTargetDependency */,
			);
			name = DroneBarcode;
			productName = DroneBarcode;
			productReference = FFCDE0882062A2CC00F885B3 /* DroneBarcode.app */;
			productType = "com.apple.product-type.application";
		};
		FFCDE09B2062A2CC00F885B3 /* DroneBarcodeTests */ = {
			isa = PBXNativeTarget;
			buildConfigurationList = FFCDE0B32062A2CD00F885B3 /* Build configuration list for PBXNativeTarget "DroneBarcodeTests" */;
			buildPhases = (
				CA5005F3552DD5FC2AAAC508 /* [CP] Check Pods Manifest.lock */,
				FFCDE0982062A2CC00F885B3 /* Sources */,
				FFCDE0992062A2CC00F885B3 /* Frameworks */,
				FFCDE09A2062A2CC00F885B3 /* Resources */,
			);
			buildRules = (
			);
			dependencies = (
				FFCDE09E2062A2CC00F885B3 /* PBXTargetDependency */,
			);
			name = DroneBarcodeTests;
			productName = DroneBarcodeTests;
			productReference = FFCDE09C2062A2CC00F885B3 /* DroneBarcodeTests.xctest */;
			productType = "com.apple.product-type.bundle.unit-test";
		};
		FFCDE0A62062A2CD00F885B3 /* DroneBarcodeUITests */ = {
			isa = PBXNativeTarget;
			buildConfigurationList = FFCDE0B62062A2CD00F885B3 /* Build configuration list for PBXNativeTarget "DroneBarcodeUITests" */;
			buildPhases = (
				9B9EE52BA27C89BE38ED6EDB /* [CP] Check Pods Manifest.lock */,
				FFCDE0A32062A2CD00F885B3 /* Sources */,
				FFCDE0A42062A2CD00F885B3 /* Frameworks */,
				FFCDE0A52062A2CD00F885B3 /* Resources */,
			);
			buildRules = (
			);
			dependencies = (
				FFCDE0A92062A2CD00F885B3 /* PBXTargetDependency */,
			);
			name = DroneBarcodeUITests;
			productName = DroneBarcodeUITests;
			productReference = FFCDE0A72062A2CD00F885B3 /* DroneBarcodeUITests.xctest */;
			productType = "com.apple.product-type.bundle.ui-testing";
		};
/* End PBXNativeTarget section */

/* Begin PBXProject section */
		FFCDE0802062A2CC00F885B3 /* Project object */ = {
			isa = PBXProject;
			attributes = {
				LastSwiftUpdateCheck = 0920;
				LastUpgradeCheck = 0920;
				ORGANIZATIONNAME = "Tom Kocik";
				TargetAttributes = {
					FFCDE0872062A2CC00F885B3 = {
						CreatedOnToolsVersion = 9.2;
						LastSwiftMigration = 0930;
						ProvisioningStyle = Automatic;
					};
					FFCDE09B2062A2CC00F885B3 = {
						CreatedOnToolsVersion = 9.2;
						ProvisioningStyle = Automatic;
						TestTargetID = FFCDE0872062A2CC00F885B3;
					};
					FFCDE0A62062A2CD00F885B3 = {
						CreatedOnToolsVersion = 9.2;
						ProvisioningStyle = Automatic;
						TestTargetID = FFCDE0872062A2CC00F885B3;
					};
				};
			};
			buildConfigurationList = FFCDE0832062A2CC00F885B3 /* Build configuration list for PBXProject "DroneBarcode" */;
			compatibilityVersion = "Xcode 8.0";
			developmentRegion = en;
			hasScannedForEncodings = 0;
			knownRegions = (
				en,
				Base,
			);
			mainGroup = FFCDE07F2062A2CC00F885B3;
			productRefGroup = FFCDE0892062A2CC00F885B3 /* Products */;
			projectDirPath = "";
			projectReferences = (
				{
					ProductGroup = FFA8B7DB2064091800676B06 /* Products */;
					ProjectRef = FFA8B7DA2064091800676B06 /* VideoPreviewer.xcodeproj */;
				},
			);
			projectRoot = "";
			targets = (
				FFCDE0872062A2CC00F885B3 /* DroneBarcode */,
				FFCDE09B2062A2CC00F885B3 /* DroneBarcodeTests */,
				FFCDE0A62062A2CD00F885B3 /* DroneBarcodeUITests */,
			);
		};
/* End PBXProject section */

/* Begin PBXReferenceProxy section */
		FFA8B7DF2064091800676B06 /* VideoPreviewer.framework */ = {
			isa = PBXReferenceProxy;
			fileType = wrapper.framework;
			path = VideoPreviewer.framework;
			remoteRef = FFA8B7DE2064091800676B06 /* PBXContainerItemProxy */;
			sourceTree = BUILT_PRODUCTS_DIR;
		};
/* End PBXReferenceProxy section */

/* Begin PBXResourcesBuildPhase section */
		FFCDE0862062A2CC00F885B3 /* Resources */ = {
			isa = PBXResourcesBuildPhase;
			buildActionMask = 2147483647;
			files = (
				84C283772191E98C0073F81D /* Main.storyboard in Resources */,
				84F49C29218B3A4E0021CF94 /* ScanditBarcodeScanner.bundle in Resources */,
				FFCDE0932062A2CC00F885B3 /* Assets.xcassets in Resources */,
			);
			runOnlyForDeploymentPostprocessing = 0;
		};
		FFCDE09A2062A2CC00F885B3 /* Resources */ = {
			isa = PBXResourcesBuildPhase;
			buildActionMask = 2147483647;
			files = (
			);
			runOnlyForDeploymentPostprocessing = 0;
		};
		FFCDE0A52062A2CD00F885B3 /* Resources */ = {
			isa = PBXResourcesBuildPhase;
			buildActionMask = 2147483647;
			files = (
			);
			runOnlyForDeploymentPostprocessing = 0;
		};
/* End PBXResourcesBuildPhase section */

/* Begin PBXShellScriptBuildPhase section */
		331679C9ED9D6292FFD7A30E /* [CP] Check Pods Manifest.lock */ = {
			isa = PBXShellScriptBuildPhase;
			buildActionMask = 2147483647;
			files = (
			);
			inputPaths = (
				"${PODS_PODFILE_DIR_PATH}/Podfile.lock",
				"${PODS_ROOT}/Manifest.lock",
			);
			name = "[CP] Check Pods Manifest.lock";
			outputPaths = (
				"$(DERIVED_FILE_DIR)/Pods-DroneBarcode-checkManifestLockResult.txt",
			);
			runOnlyForDeploymentPostprocessing = 0;
			shellPath = /bin/sh;
			shellScript = "diff \"${PODS_PODFILE_DIR_PATH}/Podfile.lock\" \"${PODS_ROOT}/Manifest.lock\" > /dev/null\nif [ $? != 0 ] ; then\n    # print error to STDERR\n    echo \"error: The sandbox is not in sync with the Podfile.lock. Run 'pod install' or update your CocoaPods installation.\" >&2\n    exit 1\nfi\n# This output is used by Xcode 'outputs' to avoid re-running this script phase.\necho \"SUCCESS\" > \"${SCRIPT_OUTPUT_FILE_0}\"\n";
			showEnvVarsInLog = 0;
		};
		9B9EE52BA27C89BE38ED6EDB /* [CP] Check Pods Manifest.lock */ = {
			isa = PBXShellScriptBuildPhase;
			buildActionMask = 2147483647;
			files = (
			);
			inputPaths = (
				"${PODS_PODFILE_DIR_PATH}/Podfile.lock",
				"${PODS_ROOT}/Manifest.lock",
			);
			name = "[CP] Check Pods Manifest.lock";
			outputPaths = (
				"$(DERIVED_FILE_DIR)/Pods-DroneBarcodeUITests-checkManifestLockResult.txt",
			);
			runOnlyForDeploymentPostprocessing = 0;
			shellPath = /bin/sh;
			shellScript = "diff \"${PODS_PODFILE_DIR_PATH}/Podfile.lock\" \"${PODS_ROOT}/Manifest.lock\" > /dev/null\nif [ $? != 0 ] ; then\n    # print error to STDERR\n    echo \"error: The sandbox is not in sync with the Podfile.lock. Run 'pod install' or update your CocoaPods installation.\" >&2\n    exit 1\nfi\n# This output is used by Xcode 'outputs' to avoid re-running this script phase.\necho \"SUCCESS\" > \"${SCRIPT_OUTPUT_FILE_0}\"\n";
			showEnvVarsInLog = 0;
		};
		CA5005F3552DD5FC2AAAC508 /* [CP] Check Pods Manifest.lock */ = {
			isa = PBXShellScriptBuildPhase;
			buildActionMask = 2147483647;
			files = (
			);
			inputPaths = (
				"${PODS_PODFILE_DIR_PATH}/Podfile.lock",
				"${PODS_ROOT}/Manifest.lock",
			);
			name = "[CP] Check Pods Manifest.lock";
			outputPaths = (
				"$(DERIVED_FILE_DIR)/Pods-DroneBarcodeTests-checkManifestLockResult.txt",
			);
			runOnlyForDeploymentPostprocessing = 0;
			shellPath = /bin/sh;
			shellScript = "diff \"${PODS_PODFILE_DIR_PATH}/Podfile.lock\" \"${PODS_ROOT}/Manifest.lock\" > /dev/null\nif [ $? != 0 ] ; then\n    # print error to STDERR\n    echo \"error: The sandbox is not in sync with the Podfile.lock. Run 'pod install' or update your CocoaPods installation.\" >&2\n    exit 1\nfi\n# This output is used by Xcode 'outputs' to avoid re-running this script phase.\necho \"SUCCESS\" > \"${SCRIPT_OUTPUT_FILE_0}\"\n";
			showEnvVarsInLog = 0;
		};
		E404B298DD1FA49B74C21940 /* [CP] Embed Pods Frameworks */ = {
			isa = PBXShellScriptBuildPhase;
			buildActionMask = 2147483647;
			files = (
			);
			inputPaths = (
				"${SRCROOT}/Pods/Target Support Files/Pods-DroneBarcode/Pods-DroneBarcode-frameworks.sh",
				"${BUILT_PRODUCTS_DIR}/CocoaAsyncSocket/CocoaAsyncSocket.framework",
				"${BUILT_PRODUCTS_DIR}/CocoaMQTT/CocoaMQTT.framework",
				"${PODS_ROOT}/DJI-SDK-iOS/iOS_Mobile_SDK/DJISDK.framework",
				"${PODS_ROOT}/DJIWidget/FFmpeg/FFmpeg.framework",
				"${BUILT_PRODUCTS_DIR}/DJIWidget/DJIWidget.framework",
				"${BUILT_PRODUCTS_DIR}/SwiftyTimer/SwiftyTimer.framework",
			);
			name = "[CP] Embed Pods Frameworks";
			outputPaths = (
				"${TARGET_BUILD_DIR}/${FRAMEWORKS_FOLDER_PATH}/CocoaAsyncSocket.framework",
				"${TARGET_BUILD_DIR}/${FRAMEWORKS_FOLDER_PATH}/CocoaMQTT.framework",
				"${TARGET_BUILD_DIR}/${FRAMEWORKS_FOLDER_PATH}/DJISDK.framework",
				"${TARGET_BUILD_DIR}/${FRAMEWORKS_FOLDER_PATH}/FFmpeg.framework",
				"${TARGET_BUILD_DIR}/${FRAMEWORKS_FOLDER_PATH}/DJIWidget.framework",
				"${TARGET_BUILD_DIR}/${FRAMEWORKS_FOLDER_PATH}/SwiftyTimer.framework",
			);
			runOnlyForDeploymentPostprocessing = 0;
			shellPath = /bin/sh;
			shellScript = "\"${SRCROOT}/Pods/Target Support Files/Pods-DroneBarcode/Pods-DroneBarcode-frameworks.sh\"\n";
			showEnvVarsInLog = 0;
		};
/* End PBXShellScriptBuildPhase section */

/* Begin PBXSourcesBuildPhase section */
		FFCDE0842062A2CC00F885B3 /* Sources */ = {
			isa = PBXSourcesBuildPhase;
			buildActionMask = 2147483647;
			files = (
				FF54F2ED206573DE00F8DBDF /* FlightPlanViewController.swift in Sources */,
				8422691B2180D432002955A3 /* FlightReplayer.swift in Sources */,
				8486E2F4217E06C70066491D /* Benchmark.swift in Sources */,
				84BA951A218C741D00F28DCD /* PositionMonitor.swift in Sources */,
				FFA8B7BD2063F27C00676B06 /* DroneConnectionManager.swift in Sources */,
				FF54F2EF2065755D00F8DBDF /* Utils.swift in Sources */,
				FF54F2F12065758A00F8DBDF /* FlightPlanner.swift in Sources */,
				84E58EF0217A4AAE004F076E /* TrackManager.swift in Sources */,
				FFA3754E20693A2D0031ACED /* BarcodeScanCallback.swift in Sources */,
				84C283742191C92E0073F81D /* LeggedFlightRecorder.swift in Sources */,
				FFA8B7C02063FC7B00676B06 /* StartupViewController.swift in Sources */,
				FF61782F209B41520098F1C6 /* FlightControlCallback.swift in Sources */,
				FFA3754C206939C20031ACED /* BarcodeScanner.swift in Sources */,
				FFCDE08C2062A2CC00F885B3 /* AppDelegate.swift in Sources */,
				FFA8B7C22064056100676B06 /* ScanSampleViewController.swift in Sources */,
				8486E2F6217F87D60066491D /* FlightRecorder.swift in Sources */,
				FFFFC5C720A21A7900A4794C /* SendBarcodeTask.swift in Sources */,
				84E58EED217A3117004F076E /* FlightTrack.swift in Sources */,
				84BA9517218B47C100F28DCD /* RectDrawView.swift in Sources */,
				84C2836D219090ED0073F81D /* PositionUtil.swift in Sources */,
			);
			runOnlyForDeploymentPostprocessing = 0;
		};
		FFCDE0982062A2CC00F885B3 /* Sources */ = {
			isa = PBXSourcesBuildPhase;
			buildActionMask = 2147483647;
			files = (
				FFCDE0A12062A2CC00F885B3 /* DroneBarcodeTests.swift in Sources */,
			);
			runOnlyForDeploymentPostprocessing = 0;
		};
		FFCDE0A32062A2CD00F885B3 /* Sources */ = {
			isa = PBXSourcesBuildPhase;
			buildActionMask = 2147483647;
			files = (
				FFCDE0AC2062A2CD00F885B3 /* DroneBarcodeUITests.swift in Sources */,
			);
			runOnlyForDeploymentPostprocessing = 0;
		};
/* End PBXSourcesBuildPhase section */

/* Begin PBXTargetDependency section */
		FFA8B7E32064092800676B06 /* PBXTargetDependency */ = {
			isa = PBXTargetDependency;
			name = VideoPreviewer;
			targetProxy = FFA8B7E22064092800676B06 /* PBXContainerItemProxy */;
		};
		FFCDE09E2062A2CC00F885B3 /* PBXTargetDependency */ = {
			isa = PBXTargetDependency;
			target = FFCDE0872062A2CC00F885B3 /* DroneBarcode */;
			targetProxy = FFCDE09D2062A2CC00F885B3 /* PBXContainerItemProxy */;
		};
		FFCDE0A92062A2CD00F885B3 /* PBXTargetDependency */ = {
			isa = PBXTargetDependency;
			target = FFCDE0872062A2CC00F885B3 /* DroneBarcode */;
			targetProxy = FFCDE0A82062A2CD00F885B3 /* PBXContainerItemProxy */;
		};
/* End PBXTargetDependency section */

/* Begin PBXVariantGroup section */
		84C283752191E98C0073F81D /* Main.storyboard */ = {
			isa = PBXVariantGroup;
			children = (
				84C283762191E98C0073F81D /* Base */,
			);
			name = Main.storyboard;
			sourceTree = "<group>";
		};
/* End PBXVariantGroup section */

/* Begin XCBuildConfiguration section */
		FFCDE0AE2062A2CD00F885B3 /* Debug */ = {
			isa = XCBuildConfiguration;
			buildSettings = {
				ALWAYS_SEARCH_USER_PATHS = NO;
				CLANG_ANALYZER_NONNULL = YES;
				CLANG_ANALYZER_NUMBER_OBJECT_CONVERSION = YES_AGGRESSIVE;
				CLANG_CXX_LANGUAGE_STANDARD = "gnu++14";
				CLANG_CXX_LIBRARY = "libc++";
				CLANG_ENABLE_MODULES = YES;
				CLANG_ENABLE_OBJC_ARC = YES;
				CLANG_WARN_BLOCK_CAPTURE_AUTORELEASING = YES;
				CLANG_WARN_BOOL_CONVERSION = YES;
				CLANG_WARN_COMMA = YES;
				CLANG_WARN_CONSTANT_CONVERSION = YES;
				CLANG_WARN_DIRECT_OBJC_ISA_USAGE = YES_ERROR;
				CLANG_WARN_DOCUMENTATION_COMMENTS = YES;
				CLANG_WARN_EMPTY_BODY = YES;
				CLANG_WARN_ENUM_CONVERSION = YES;
				CLANG_WARN_INFINITE_RECURSION = YES;
				CLANG_WARN_INT_CONVERSION = YES;
				CLANG_WARN_NON_LITERAL_NULL_CONVERSION = YES;
				CLANG_WARN_OBJC_LITERAL_CONVERSION = YES;
				CLANG_WARN_OBJC_ROOT_CLASS = YES_ERROR;
				CLANG_WARN_RANGE_LOOP_ANALYSIS = YES;
				CLANG_WARN_STRICT_PROTOTYPES = YES;
				CLANG_WARN_SUSPICIOUS_MOVE = YES;
				CLANG_WARN_UNGUARDED_AVAILABILITY = YES_AGGRESSIVE;
				CLANG_WARN_UNREACHABLE_CODE = YES;
				CLANG_WARN__DUPLICATE_METHOD_MATCH = YES;
				CODE_SIGN_IDENTITY = "iPhone Developer";
				COPY_PHASE_STRIP = NO;
				DEBUG_INFORMATION_FORMAT = dwarf;
				ENABLE_STRICT_OBJC_MSGSEND = YES;
				ENABLE_TESTABILITY = YES;
				GCC_C_LANGUAGE_STANDARD = gnu11;
				GCC_DYNAMIC_NO_PIC = NO;
				GCC_NO_COMMON_BLOCKS = YES;
				GCC_OPTIMIZATION_LEVEL = 0;
				GCC_PREPROCESSOR_DEFINITIONS = (
					"DEBUG=1",
					"$(inherited)",
				);
				GCC_WARN_64_TO_32_BIT_CONVERSION = YES;
				GCC_WARN_ABOUT_RETURN_TYPE = YES_ERROR;
				GCC_WARN_UNDECLARED_SELECTOR = YES;
				GCC_WARN_UNINITIALIZED_AUTOS = YES_AGGRESSIVE;
				GCC_WARN_UNUSED_FUNCTION = YES;
				GCC_WARN_UNUSED_VARIABLE = YES;
				IPHONEOS_DEPLOYMENT_TARGET = 11.2;
				MTL_ENABLE_DEBUG_INFO = YES;
				ONLY_ACTIVE_ARCH = YES;
				SDKROOT = iphoneos;
				SWIFT_ACTIVE_COMPILATION_CONDITIONS = DEBUG;
				SWIFT_OPTIMIZATION_LEVEL = "-Onone";
			};
			name = Debug;
		};
		FFCDE0AF2062A2CD00F885B3 /* Release */ = {
			isa = XCBuildConfiguration;
			buildSettings = {
				ALWAYS_SEARCH_USER_PATHS = NO;
				CLANG_ANALYZER_NONNULL = YES;
				CLANG_ANALYZER_NUMBER_OBJECT_CONVERSION = YES_AGGRESSIVE;
				CLANG_CXX_LANGUAGE_STANDARD = "gnu++14";
				CLANG_CXX_LIBRARY = "libc++";
				CLANG_ENABLE_MODULES = YES;
				CLANG_ENABLE_OBJC_ARC = YES;
				CLANG_WARN_BLOCK_CAPTURE_AUTORELEASING = YES;
				CLANG_WARN_BOOL_CONVERSION = YES;
				CLANG_WARN_COMMA = YES;
				CLANG_WARN_CONSTANT_CONVERSION = YES;
				CLANG_WARN_DIRECT_OBJC_ISA_USAGE = YES_ERROR;
				CLANG_WARN_DOCUMENTATION_COMMENTS = YES;
				CLANG_WARN_EMPTY_BODY = YES;
				CLANG_WARN_ENUM_CONVERSION = YES;
				CLANG_WARN_INFINITE_RECURSION = YES;
				CLANG_WARN_INT_CONVERSION = YES;
				CLANG_WARN_NON_LITERAL_NULL_CONVERSION = YES;
				CLANG_WARN_OBJC_LITERAL_CONVERSION = YES;
				CLANG_WARN_OBJC_ROOT_CLASS = YES_ERROR;
				CLANG_WARN_RANGE_LOOP_ANALYSIS = YES;
				CLANG_WARN_STRICT_PROTOTYPES = YES;
				CLANG_WARN_SUSPICIOUS_MOVE = YES;
				CLANG_WARN_UNGUARDED_AVAILABILITY = YES_AGGRESSIVE;
				CLANG_WARN_UNREACHABLE_CODE = YES;
				CLANG_WARN__DUPLICATE_METHOD_MATCH = YES;
				CODE_SIGN_IDENTITY = "iPhone Developer";
				COPY_PHASE_STRIP = NO;
				DEBUG_INFORMATION_FORMAT = "dwarf-with-dsym";
				ENABLE_NS_ASSERTIONS = NO;
				ENABLE_STRICT_OBJC_MSGSEND = YES;
				GCC_C_LANGUAGE_STANDARD = gnu11;
				GCC_NO_COMMON_BLOCKS = YES;
				GCC_WARN_64_TO_32_BIT_CONVERSION = YES;
				GCC_WARN_ABOUT_RETURN_TYPE = YES_ERROR;
				GCC_WARN_UNDECLARED_SELECTOR = YES;
				GCC_WARN_UNINITIALIZED_AUTOS = YES_AGGRESSIVE;
				GCC_WARN_UNUSED_FUNCTION = YES;
				GCC_WARN_UNUSED_VARIABLE = YES;
				IPHONEOS_DEPLOYMENT_TARGET = 11.2;
				MTL_ENABLE_DEBUG_INFO = NO;
				SDKROOT = iphoneos;
				SWIFT_OPTIMIZATION_LEVEL = "-Owholemodule";
				VALIDATE_PRODUCT = YES;
			};
			name = Release;
		};
		FFCDE0B12062A2CD00F885B3 /* Debug */ = {
			isa = XCBuildConfiguration;
			baseConfigurationReference = E0E777A4ACE88F52F24C1267 /* Pods-DroneBarcode.debug.xcconfig */;
			buildSettings = {
				ASSETCATALOG_COMPILER_APPICON_NAME = AppIcon;
				CLANG_ENABLE_MODULES = YES;
				"CODE_SIGN_IDENTITY[sdk=iphoneos*]" = "iPhone Developer";
				CODE_SIGN_STYLE = Automatic;
				DEVELOPMENT_TEAM = DYG5XF554D;
				ENABLE_BITCODE = NO;
				FRAMEWORK_SEARCH_PATHS = (
					"$(inherited)",
					"$(PROJECT_DIR)",
				);
				INFOPLIST_FILE = DroneBarcode/Info.plist;
				IPHONEOS_DEPLOYMENT_TARGET = 11.0;
				LD_RUNPATH_SEARCH_PATHS = "$(inherited) @executable_path/Frameworks";
				PRODUCT_BUNDLE_IDENTIFIER = com.test.riis;
				PRODUCT_NAME = "$(TARGET_NAME)";
				PROVISIONING_PROFILE_SPECIFIER = "";
				SWIFT_OBJC_BRIDGING_HEADER = "DroneBarcode/Services/DroneBarcode-Bridging-Header.h";
				SWIFT_OPTIMIZATION_LEVEL = "-Onone";
				SWIFT_VERSION = 4.0;
				TARGETED_DEVICE_FAMILY = 2;
			};
			name = Debug;
		};
		FFCDE0B22062A2CD00F885B3 /* Release */ = {
			isa = XCBuildConfiguration;
			baseConfigurationReference = 7C97732F2EFC688048B4D525 /* Pods-DroneBarcode.release.xcconfig */;
			buildSettings = {
				ASSETCATALOG_COMPILER_APPICON_NAME = AppIcon;
				CLANG_ENABLE_MODULES = YES;
				"CODE_SIGN_IDENTITY[sdk=iphoneos*]" = "iPhone Developer";
				CODE_SIGN_STYLE = Automatic;
				DEVELOPMENT_TEAM = DYG5XF554D;
				ENABLE_BITCODE = NO;
				FRAMEWORK_SEARCH_PATHS = (
					"$(inherited)",
					"$(PROJECT_DIR)",
				);
				INFOPLIST_FILE = DroneBarcode/Info.plist;
				IPHONEOS_DEPLOYMENT_TARGET = 11.0;
				LD_RUNPATH_SEARCH_PATHS = "$(inherited) @executable_path/Frameworks";
				PRODUCT_BUNDLE_IDENTIFIER = com.test.riis;
				PRODUCT_NAME = "$(TARGET_NAME)";
				PROVISIONING_PROFILE_SPECIFIER = "";
				SWIFT_OBJC_BRIDGING_HEADER = "DroneBarcode/Services/DroneBarcode-Bridging-Header.h";
				SWIFT_VERSION = 4.0;
				TARGETED_DEVICE_FAMILY = 2;
			};
			name = Release;
		};
		FFCDE0B42062A2CD00F885B3 /* Debug */ = {
			isa = XCBuildConfiguration;
			baseConfigurationReference = 1EDBD3EDCCB9E183A8526B4B /* Pods-DroneBarcodeTests.debug.xcconfig */;
			buildSettings = {
				ALWAYS_EMBED_SWIFT_STANDARD_LIBRARIES = YES;
				BUNDLE_LOADER = "$(TEST_HOST)";
				CODE_SIGN_STYLE = Automatic;
				DEVELOPMENT_TEAM = UHDP7LK8C7;
				INFOPLIST_FILE = DroneBarcodeTests/Info.plist;
				LD_RUNPATH_SEARCH_PATHS = "$(inherited) @executable_path/Frameworks @loader_path/Frameworks";
				PRODUCT_BUNDLE_IDENTIFIER = com.riis.DroneBarcodeTests;
				PRODUCT_NAME = "$(TARGET_NAME)";
				SWIFT_VERSION = 4.0;
				TARGETED_DEVICE_FAMILY = "1,2";
				TEST_HOST = "$(BUILT_PRODUCTS_DIR)/DroneBarcode.app/DroneBarcode";
			};
			name = Debug;
		};
		FFCDE0B52062A2CD00F885B3 /* Release */ = {
			isa = XCBuildConfiguration;
			baseConfigurationReference = 63D7A895E808F1E8D7D6E58E /* Pods-DroneBarcodeTests.release.xcconfig */;
			buildSettings = {
				ALWAYS_EMBED_SWIFT_STANDARD_LIBRARIES = YES;
				BUNDLE_LOADER = "$(TEST_HOST)";
				CODE_SIGN_STYLE = Automatic;
				DEVELOPMENT_TEAM = UHDP7LK8C7;
				INFOPLIST_FILE = DroneBarcodeTests/Info.plist;
				LD_RUNPATH_SEARCH_PATHS = "$(inherited) @executable_path/Frameworks @loader_path/Frameworks";
				PRODUCT_BUNDLE_IDENTIFIER = com.riis.DroneBarcodeTests;
				PRODUCT_NAME = "$(TARGET_NAME)";
				SWIFT_VERSION = 4.0;
				TARGETED_DEVICE_FAMILY = "1,2";
				TEST_HOST = "$(BUILT_PRODUCTS_DIR)/DroneBarcode.app/DroneBarcode";
			};
			name = Release;
		};
		FFCDE0B72062A2CD00F885B3 /* Debug */ = {
			isa = XCBuildConfiguration;
			baseConfigurationReference = C80697D5C040D7634011A7DC /* Pods-DroneBarcodeUITests.debug.xcconfig */;
			buildSettings = {
				ALWAYS_EMBED_SWIFT_STANDARD_LIBRARIES = YES;
				CODE_SIGN_STYLE = Automatic;
				DEVELOPMENT_TEAM = UHDP7LK8C7;
				INFOPLIST_FILE = DroneBarcodeUITests/Info.plist;
				LD_RUNPATH_SEARCH_PATHS = "$(inherited) @executable_path/Frameworks @loader_path/Frameworks";
				PRODUCT_BUNDLE_IDENTIFIER = com.riis.DroneBarcodeUITests;
				PRODUCT_NAME = "$(TARGET_NAME)";
				SWIFT_VERSION = 4.0;
				TARGETED_DEVICE_FAMILY = "1,2";
				TEST_TARGET_NAME = DroneBarcode;
			};
			name = Debug;
		};
		FFCDE0B82062A2CD00F885B3 /* Release */ = {
			isa = XCBuildConfiguration;
			baseConfigurationReference = 96345A5D1016C1C5EE1CA9F2 /* Pods-DroneBarcodeUITests.release.xcconfig */;
			buildSettings = {
				ALWAYS_EMBED_SWIFT_STANDARD_LIBRARIES = YES;
				CODE_SIGN_STYLE = Automatic;
				DEVELOPMENT_TEAM = UHDP7LK8C7;
				INFOPLIST_FILE = DroneBarcodeUITests/Info.plist;
				LD_RUNPATH_SEARCH_PATHS = "$(inherited) @executable_path/Frameworks @loader_path/Frameworks";
				PRODUCT_BUNDLE_IDENTIFIER = com.riis.DroneBarcodeUITests;
				PRODUCT_NAME = "$(TARGET_NAME)";
				SWIFT_VERSION = 4.0;
				TARGETED_DEVICE_FAMILY = "1,2";
				TEST_TARGET_NAME = DroneBarcode;
			};
			name = Release;
		};
/* End XCBuildConfiguration section */

/* Begin XCConfigurationList section */
		FFCDE0832062A2CC00F885B3 /* Build configuration list for PBXProject "DroneBarcode" */ = {
			isa = XCConfigurationList;
			buildConfigurations = (
				FFCDE0AE2062A2CD00F885B3 /* Debug */,
				FFCDE0AF2062A2CD00F885B3 /* Release */,
			);
			defaultConfigurationIsVisible = 0;
			defaultConfigurationName = Release;
		};
		FFCDE0B02062A2CD00F885B3 /* Build configuration list for PBXNativeTarget "DroneBarcode" */ = {
			isa = XCConfigurationList;
			buildConfigurations = (
				FFCDE0B12062A2CD00F885B3 /* Debug */,
				FFCDE0B22062A2CD00F885B3 /* Release */,
			);
			defaultConfigurationIsVisible = 0;
			defaultConfigurationName = Release;
		};
		FFCDE0B32062A2CD00F885B3 /* Build configuration list for PBXNativeTarget "DroneBarcodeTests" */ = {
			isa = XCConfigurationList;
			buildConfigurations = (
				FFCDE0B42062A2CD00F885B3 /* Debug */,
				FFCDE0B52062A2CD00F885B3 /* Release */,
			);
			defaultConfigurationIsVisible = 0;
			defaultConfigurationName = Release;
		};
		FFCDE0B62062A2CD00F885B3 /* Build configuration list for PBXNativeTarget "DroneBarcodeUITests" */ = {
			isa = XCConfigurationList;
			buildConfigurations = (
				FFCDE0B72062A2CD00F885B3 /* Debug */,
				FFCDE0B82062A2CD00F885B3 /* Release */,
			);
			defaultConfigurationIsVisible = 0;
			defaultConfigurationName = Release;
		};
/* End XCConfigurationList section */
	};
	rootObject = FFCDE0802062A2CC00F885B3 /* Project object */;
}
