PODS:
  - CocoaAsyncSocket (7.6.3)
  - CocoaMQTT (1.1.2):
    - CocoaAsyncSocket (~> 7.6.1)
    - SwiftyTimer (~> 2.0.0)
  - DJI-SDK-iOS (4.7.1)
  - SwiftyTimer (2.0.0)

DEPENDENCIES:
  - CocoaMQTT
  - DJI-SDK-iOS (~> 4.7)

SPEC REPOS:
  https://github.com/cocoapods/specs.git:
    - CocoaAsyncSocket
    - CocoaMQTT
    - DJI-SDK-iOS
    - SwiftyTimer

SPEC CHECKSUMS:
  CocoaAsyncSocket: eafaa68a7e0ec99ead0a7b35015e0bf25d2c8987
  CocoaMQTT: d33ab3cd4e329f9f1cfbb62e25306a318a606616
  DJI-SDK-iOS: 61190de33ed627dee3171f40146386c31b1d6c09
  SwiftyTimer: 2efd74b060d69ad4f1496baf5bbedbe132125fcf

PODFILE CHECKSUM: d663a325f1957e0e61d4ae89a16e734a76f314d2

COCOAPODS: 1.5.3
